
Microsoft Visual Studio Solution File, Format Version 12.00
# Visual Studio Version 17
VisualStudioVersion = 17.1.32414.318
MinimumVisualStudioVersion = 10.0.40219.1
Project("{FAE04EC0-301F-11D3-BF4B-00C04F79EFBC}") = "exemple", "exemple\exemple.csproj", "{27C215ED-5A8A-4785-AAD4-8C3264206075}"
EndProject
Global
	GlobalSection(SolutionConfigurationPlatforms) = preSolution
		Debug|Any CPU = Debug|Any CPU
		Release|Any CPU = Release|Any CPU
Release|Any CPU = Release|Any CPU
	EndGlobalSection
	GlobalSection(ProjectConfigurationPlatforms) = postSolution
		{27C215ED-5A8A-4785-AAD4-8C3264206075}.Debug|Any CPU.ActiveCfg = Debug|Any CPU
		{27C215ED-5A8A-4785-AAD4-8C3264206075}.Debug|Any CPU.Build.0 = Debug|Any CPU
		{27C215ED-5A8A-4785-AAD4-8C3264206075}.Release|Any CPU.ActiveCfg = Release|Any CPU
		{27C215ED-5A8A-4785-AAD4-8C3264206075}.Release|Any CPU.Build.0 = Release|Any CPU
	EndGlobalSection
	GlobalSection(SolutionProperties) = preSolution
		HideSolutionNode = FALSE
	EndGlobalSection
	GlobalSection(ExtensibilityGlobals) = postSolution
		SolutionGuid = {0E823871-4C22-4CE8-8223-B428C6F107B3}
	EndGlobalSection
EndGlobal
